
Microsoft Visual Studio Solution File, Format Version 12.00
Project("{FAE04EC0-301F-11D3-BF4B-00C04F79EFBC}") = "sistemaapuestas", "sistemaapuestas\sistemaapuestas.csproj", "{163FF5A4-56D0-4028-B2DB-5F141078670C}"
EndProject
Global
	GlobalSection(SolutionConfigurationPlatforms) = preSolution
		Debug|Any CPU = Debug|Any CPU
		Release|Any CPU = Release|Any CPU
	EndGlobalSection
	GlobalSection(ProjectConfigurationPlatforms) = postSolution
		{163FF5A4-56D0-4028-B2DB-5F141078670C}.Debug|Any CPU.ActiveCfg = Debug|Any CPU
		{163FF5A4-56D0-4028-B2DB-5F141078670C}.Debug|Any CPU.Build.0 = Debug|Any CPU
		{163FF5A4-56D0-4028-B2DB-5F141078670C}.Release|Any CPU.ActiveCfg = Release|Any CPU
		{163FF5A4-56D0-4028-B2DB-5F141078670C}.Release|Any CPU.Build.0 = Release|Any CPU
	EndGlobalSection
EndGlobal
